
Microsoft Visual Studio Solution File, Format Version 12.00
# Visual Studio Version 17
VisualStudioVersion = 17.11.35312.102
MinimumVisualStudioVersion = 10.0.40219.1
Project("{888888A0-9F3D-457C-B088-3A5042F75D52}") = "Suma Recursiva e Iterativa (C++, C# y Python)", "Suma Recursiva e Iterativa (C++, C# y Python)\Suma Recursiva e Iterativa (C++, C# y Python).pyproj", "{58BA609E-249F-4421-8750-E46B73F15621}"
EndProject
Global
	GlobalSection(SolutionConfigurationPlatforms) = preSolution
		Debug|Any CPU = Debug|Any CPU
		Release|Any CPU = Release|Any CPU
	EndGlobalSection
	GlobalSection(ProjectConfigurationPlatforms) = postSolution
		{58BA609E-249F-4421-8750-E46B73F15621}.Debug|Any CPU.ActiveCfg = Debug|Any CPU
		{58BA609E-249F-4421-8750-E46B73F15621}.Release|Any CPU.ActiveCfg = Release|Any CPU
	EndGlobalSection
	GlobalSection(SolutionProperties) = preSolution
		HideSolutionNode = FALSE
	EndGlobalSection
	GlobalSection(ExtensibilityGlobals) = postSolution
		SolutionGuid = {E67EF148-7608-4C95-8A7F-0F1D72417897}
	EndGlobalSection
EndGlobal
